
Microsoft Visual Studio Solution File, Format Version 12.00
# Visual Studio 14
VisualStudioVersion = 14.0.25420.1
MinimumVisualStudioVersion = 10.0.40219.1
Project("{FAE04EC0-301F-11D3-BF4B-00C04F79EFBC}") = "AssertDemo", "AssertDemo\AssertDemo.csproj", "{E780E361-E926-4FFD-916D-38709B402324}"
EndProject
Project("{FAE04EC0-301F-11D3-BF4B-00C04F79EFBC}") = "AssertDemo.Tests", "AssertDemo.Tests\AssertDemo.Tests.csproj", "{9D1C866C-E6B3-4835-96AE-1C1D715C1BDB}"
EndProject
Global
	GlobalSection(SolutionConfigurationPlatforms) = preSolution
		Debug|Any CPU = Debug|Any CPU
		Release|Any CPU = Release|Any CPU
	EndGlobalSection
	GlobalSection(ProjectConfigurationPlatforms) = postSolution
		{E780E361-E926-4FFD-916D-38709B402324}.Debug|Any CPU.ActiveCfg = Debug|Any CPU
		{E780E361-E926-4FFD-916D-38709B402324}.Debug|Any CPU.Build.0 = Debug|Any CPU
		{E780E361-E926-4FFD-916D-38709B402324}.Release|Any CPU.ActiveCfg = Release|Any CPU
		{E780E361-E926-4FFD-916D-38709B402324}.Release|Any CPU.Build.0 = Release|Any CPU
		{9D1C866C-E6B3-4835-96AE-1C1D715C1BDB}.Debug|Any CPU.ActiveCfg = Debug|Any CPU
		{9D1C866C-E6B3-4835-96AE-1C1D715C1BDB}.Debug|Any CPU.Build.0 = Debug|Any CPU
		{9D1C866C-E6B3-4835-96AE-1C1D715C1BDB}.Release|Any CPU.ActiveCfg = Release|Any CPU
		{9D1C866C-E6B3-4835-96AE-1C1D715C1BDB}.Release|Any CPU.Build.0 = Release|Any CPU
	EndGlobalSection
	GlobalSection(SolutionProperties) = preSolution
		HideSolutionNode = FALSE
	EndGlobalSection
EndGlobal
